{
  "version": 4,
  "terraform_version": "0.12.24",
  "serial": 62,
  "lineage": "381f6618-ec87-d112-0e04-ba2ea171f9e4",
  "outputs": {},
  "resources": [
    {
      "mode": "managed",
      "type": "google_compute_instance",
      "name": "ece-01",
      "provider": "provider.google",
      "instances": [
        {
          "schema_version": 6,
          "attributes": {
            "allow_stopping_for_update": null,
            "attached_disk": [],
            "boot_disk": [
              {
                "auto_delete": true,
                "device_name": "persistent-disk-0",
                "disk_encryption_key_raw": "",
                "disk_encryption_key_sha256": "",
                "initialize_params": [
                  {
                    "image": "https://www.googleapis.com/compute/v1/projects/centos-cloud/global/images/centos-7-v20200910",
                    "labels": {},
                    "size": 30,
                    "type": "pd-standard"
                  }
                ],
                "kms_key_self_link": "",
                "mode": "READ_WRITE",
                "source": "https://www.googleapis.com/compute/v1/projects/terraform-cloud-282518/zones/us-east4-a/disks/elastic01"
              }
            ],
            "can_ip_forward": false,
            "cpu_platform": "Intel Broadwell",
            "current_status": "RUNNING",
            "deletion_protection": false,
            "description": "",
            "desired_status": null,
            "enable_display": false,
            "guest_accelerator": [],
            "hostname": "elastic01.srv",
            "id": "projects/terraform-cloud-282518/zones/us-east4-a/instances/elastic01",
            "instance_id": "500960851518918157",
            "label_fingerprint": "42WmSpB8rSM=",
            "labels": null,
            "machine_type": "n1-standard-2",
            "metadata": {
              "ssh-keys": "luis.filho:ssh-rsa AAAAB3NzaC1yc2EAAAADAQABAAABAQDkk5wLRjtwGvvUMrzU21o7W9kG1CEufA8tdD9ML8oh6cW7JA1FR1FhPb1BBGgR3ZRpOxO0T0ODHQZcZZ1HsnAx0X/VbqOb1qqzhe8gwwpSQGo4MG2R7osd+yw0fXODYhlKvWxMbaLQ0Sx6UIEH1RWE/s3trGOYaoK6oq6UE82/u4vynCBsHyFhpitW+usqqNSGSFmd0ePUaSHDJFHBDhI0bcEU1hyFdQ2dO7Cy4WLy1/YdIVLsb11pwyeOpjy2XmlXVTC/Ces6qKx9aFCf9JbTZejUvQ9DaFfKff5pK78Jg0XF0osLmH3S62RySkfYI4D2/yEaKWctPVjqraiy20lz luisfilho@luisfilho-Latitude-3400\n"
            },
            "metadata_fingerprint": "zoVJ154aJDk=",
            "metadata_startup_script": "",
            "min_cpu_platform": "",
            "name": "elastic01",
            "network_interface": [
              {
                "access_config": [
                  {
                    "nat_ip": "34.86.49.230",
                    "network_tier": "PREMIUM",
                    "public_ptr_domain_name": ""
                  }
                ],
                "alias_ip_range": [],
                "name": "nic0",
                "network": "https://www.googleapis.com/compute/v1/projects/terraform-cloud-282518/global/networks/default",
                "network_ip": "10.150.0.20",
                "subnetwork": "https://www.googleapis.com/compute/v1/projects/terraform-cloud-282518/regions/us-east4/subnetworks/default",
                "subnetwork_project": "terraform-cloud-282518"
              }
            ],
            "project": "terraform-cloud-282518",
            "resource_policies": null,
            "scheduling": [
              {
                "automatic_restart": true,
                "node_affinities": [],
                "on_host_maintenance": "MIGRATE",
                "preemptible": false
              }
            ],
            "scratch_disk": [],
            "self_link": "https://www.googleapis.com/compute/v1/projects/terraform-cloud-282518/zones/us-east4-a/instances/elastic01",
            "service_account": [],
            "shielded_instance_config": [
              {
                "enable_integrity_monitoring": true,
                "enable_secure_boot": false,
                "enable_vtpm": true
              }
            ],
            "tags": null,
            "tags_fingerprint": "42WmSpB8rSM=",
            "timeouts": null,
            "zone": "us-east4-a"
          },
          "private": "eyJlMmJmYjczMC1lY2FhLTExZTYtOGY4OC0zNDM2M2JjN2M0YzAiOnsiY3JlYXRlIjoxMjAwMDAwMDAwMDAwLCJkZWxldGUiOjEyMDAwMDAwMDAwMDAsInVwZGF0ZSI6MTIwMDAwMDAwMDAwMH0sInNjaGVtYV92ZXJzaW9uIjoiNiJ9"
        }
      ]
    },
    {
      "mode": "managed",
      "type": "google_compute_instance",
      "name": "ece-02",
      "provider": "provider.google",
      "instances": [
        {
          "schema_version": 6,
          "attributes": {
            "allow_stopping_for_update": null,
            "attached_disk": [],
            "boot_disk": [
              {
                "auto_delete": true,
                "device_name": "persistent-disk-0",
                "disk_encryption_key_raw": "",
                "disk_encryption_key_sha256": "",
                "initialize_params": [
                  {
                    "image": "https://www.googleapis.com/compute/v1/projects/centos-cloud/global/images/centos-7-v20200910",
                    "labels": {},
                    "size": 30,
                    "type": "pd-standard"
                  }
                ],
                "kms_key_self_link": "",
                "mode": "READ_WRITE",
                "source": "https://www.googleapis.com/compute/v1/projects/terraform-cloud-282518/zones/us-east4-b/disks/elastic02"
              }
            ],
            "can_ip_forward": false,
            "cpu_platform": "Intel Broadwell",
            "current_status": "RUNNING",
            "deletion_protection": false,
            "description": "",
            "desired_status": null,
            "enable_display": false,
            "guest_accelerator": [],
            "hostname": "elastic02.srv",
            "id": "projects/terraform-cloud-282518/zones/us-east4-b/instances/elastic02",
            "instance_id": "6312243244447665676",
            "label_fingerprint": "42WmSpB8rSM=",
            "labels": null,
            "machine_type": "n1-standard-2",
            "metadata": {
              "ssh-keys": "luis.filho:ssh-rsa AAAAB3NzaC1yc2EAAAADAQABAAABAQDkk5wLRjtwGvvUMrzU21o7W9kG1CEufA8tdD9ML8oh6cW7JA1FR1FhPb1BBGgR3ZRpOxO0T0ODHQZcZZ1HsnAx0X/VbqOb1qqzhe8gwwpSQGo4MG2R7osd+yw0fXODYhlKvWxMbaLQ0Sx6UIEH1RWE/s3trGOYaoK6oq6UE82/u4vynCBsHyFhpitW+usqqNSGSFmd0ePUaSHDJFHBDhI0bcEU1hyFdQ2dO7Cy4WLy1/YdIVLsb11pwyeOpjy2XmlXVTC/Ces6qKx9aFCf9JbTZejUvQ9DaFfKff5pK78Jg0XF0osLmH3S62RySkfYI4D2/yEaKWctPVjqraiy20lz luisfilho@luisfilho-Latitude-3400\n"
            },
            "metadata_fingerprint": "zoVJ154aJDk=",
            "metadata_startup_script": "",
            "min_cpu_platform": "",
            "name": "elastic02",
            "network_interface": [
              {
                "access_config": [
                  {
                    "nat_ip": "34.86.217.98",
                    "network_tier": "PREMIUM",
                    "public_ptr_domain_name": ""
                  }
                ],
                "alias_ip_range": [],
                "name": "nic0",
                "network": "https://www.googleapis.com/compute/v1/projects/terraform-cloud-282518/global/networks/default",
                "network_ip": "10.150.0.21",
                "subnetwork": "https://www.googleapis.com/compute/v1/projects/terraform-cloud-282518/regions/us-east4/subnetworks/default",
                "subnetwork_project": "terraform-cloud-282518"
              }
            ],
            "project": "terraform-cloud-282518",
            "resource_policies": null,
            "scheduling": [
              {
                "automatic_restart": true,
                "node_affinities": [],
                "on_host_maintenance": "MIGRATE",
                "preemptible": false
              }
            ],
            "scratch_disk": [],
            "self_link": "https://www.googleapis.com/compute/v1/projects/terraform-cloud-282518/zones/us-east4-b/instances/elastic02",
            "service_account": [],
            "shielded_instance_config": [
              {
                "enable_integrity_monitoring": true,
                "enable_secure_boot": false,
                "enable_vtpm": true
              }
            ],
            "tags": null,
            "tags_fingerprint": "42WmSpB8rSM=",
            "timeouts": null,
            "zone": "us-east4-b"
          },
          "private": "eyJlMmJmYjczMC1lY2FhLTExZTYtOGY4OC0zNDM2M2JjN2M0YzAiOnsiY3JlYXRlIjoxMjAwMDAwMDAwMDAwLCJkZWxldGUiOjEyMDAwMDAwMDAwMDAsInVwZGF0ZSI6MTIwMDAwMDAwMDAwMH0sInNjaGVtYV92ZXJzaW9uIjoiNiJ9"
        }
      ]
    },
    {
      "mode": "managed",
      "type": "google_compute_instance",
      "name": "ece-03",
      "provider": "provider.google",
      "instances": [
        {
          "schema_version": 6,
          "attributes": {
            "allow_stopping_for_update": null,
            "attached_disk": [],
            "boot_disk": [
              {
                "auto_delete": true,
                "device_name": "persistent-disk-0",
                "disk_encryption_key_raw": "",
                "disk_encryption_key_sha256": "",
                "initialize_params": [
                  {
                    "image": "https://www.googleapis.com/compute/v1/projects/centos-cloud/global/images/centos-7-v20200910",
                    "labels": {},
                    "size": 30,
                    "type": "pd-standard"
                  }
                ],
                "kms_key_self_link": "",
                "mode": "READ_WRITE",
                "source": "https://www.googleapis.com/compute/v1/projects/terraform-cloud-282518/zones/us-east4-c/disks/elastic03"
              }
            ],
            "can_ip_forward": false,
            "cpu_platform": "Intel Broadwell",
            "current_status": "RUNNING",
            "deletion_protection": false,
            "description": "",
            "desired_status": null,
            "enable_display": false,
            "guest_accelerator": [],
            "hostname": "elastic03.srv",
            "id": "projects/terraform-cloud-282518/zones/us-east4-c/instances/elastic03",
            "instance_id": "2776652391450775052",
            "label_fingerprint": "42WmSpB8rSM=",
            "labels": null,
            "machine_type": "n1-standard-2",
            "metadata": {
              "ssh-keys": "luis.filho:ssh-rsa AAAAB3NzaC1yc2EAAAADAQABAAABAQDkk5wLRjtwGvvUMrzU21o7W9kG1CEufA8tdD9ML8oh6cW7JA1FR1FhPb1BBGgR3ZRpOxO0T0ODHQZcZZ1HsnAx0X/VbqOb1qqzhe8gwwpSQGo4MG2R7osd+yw0fXODYhlKvWxMbaLQ0Sx6UIEH1RWE/s3trGOYaoK6oq6UE82/u4vynCBsHyFhpitW+usqqNSGSFmd0ePUaSHDJFHBDhI0bcEU1hyFdQ2dO7Cy4WLy1/YdIVLsb11pwyeOpjy2XmlXVTC/Ces6qKx9aFCf9JbTZejUvQ9DaFfKff5pK78Jg0XF0osLmH3S62RySkfYI4D2/yEaKWctPVjqraiy20lz luisfilho@luisfilho-Latitude-3400\n"
            },
            "metadata_fingerprint": "zoVJ154aJDk=",
            "metadata_startup_script": "",
            "min_cpu_platform": "",
            "name": "elastic03",
            "network_interface": [
              {
                "access_config": [
                  {
                    "nat_ip": "35.245.242.234",
                    "network_tier": "PREMIUM",
                    "public_ptr_domain_name": ""
                  }
                ],
                "alias_ip_range": [],
                "name": "nic0",
                "network": "https://www.googleapis.com/compute/v1/projects/terraform-cloud-282518/global/networks/default",
                "network_ip": "10.150.0.22",
                "subnetwork": "https://www.googleapis.com/compute/v1/projects/terraform-cloud-282518/regions/us-east4/subnetworks/default",
                "subnetwork_project": "terraform-cloud-282518"
              }
            ],
            "project": "terraform-cloud-282518",
            "resource_policies": null,
            "scheduling": [
              {
                "automatic_restart": true,
                "node_affinities": [],
                "on_host_maintenance": "MIGRATE",
                "preemptible": false
              }
            ],
            "scratch_disk": [],
            "self_link": "https://www.googleapis.com/compute/v1/projects/terraform-cloud-282518/zones/us-east4-c/instances/elastic03",
            "service_account": [],
            "shielded_instance_config": [
              {
                "enable_integrity_monitoring": true,
                "enable_secure_boot": false,
                "enable_vtpm": true
              }
            ],
            "tags": null,
            "tags_fingerprint": "42WmSpB8rSM=",
            "timeouts": null,
            "zone": "us-east4-c"
          },
          "private": "eyJlMmJmYjczMC1lY2FhLTExZTYtOGY4OC0zNDM2M2JjN2M0YzAiOnsiY3JlYXRlIjoxMjAwMDAwMDAwMDAwLCJkZWxldGUiOjEyMDAwMDAwMDAwMDAsInVwZGF0ZSI6MTIwMDAwMDAwMDAwMH0sInNjaGVtYV92ZXJzaW9uIjoiNiJ9"
        }
      ]
    },
    {
      "mode": "managed",
      "type": "null_resource",
      "name": "hosts",
      "provider": "provider.null",
      "instances": [
        {
          "schema_version": 0,
          "attributes": {
            "id": "3291536593252326563",
            "triggers": {
              "anything1": "34.86.49.230",
              "anything2": "34.86.217.98",
              "anything3": "35.245.242.234"
            }
          },
          "private": "bnVsbA==",
          "dependencies": [
            "google_compute_instance.ece-01",
            "google_compute_instance.ece-02",
            "google_compute_instance.ece-03"
          ]
        }
      ]
    }
  ]
}
